<?xml version="1.0" encoding="utf-8"?>
<Project ToolsVersion="4.0" xmlns="http://schemas.microsoft.com/developer/msbuild/2003">
  <ItemGroup>
    <Filter Include="Source Files">
      <UniqueIdentifier>{4FC737F1-C7A5-4376-A066-2A32D752A2FF}</UniqueIdentifier>
      <Extensions>cpp;c;cc;cxx;def;odl;idl;hpj;bat;asm;asmx</Extensions>
    </Filter>
    <Filter Include="Header Files">
      <UniqueIdentifier>{93995380-89BD-4b04-88EB-625FBE52EBFB}</UniqueIdentifier>
      <Extensions>h;hh;hpp;hxx;hm;inl;inc;xsd</Extensions>
    </Filter>
    <Filter Include="Resource Files">
      <UniqueIdentifier>{67DA6AB6-F800-4c08-8B7A-83BB121AAD01}</UniqueIdentifier>
      <Extensions>rc;ico;cur;bmp;dlg;rc2;rct;bin;rgs;gif;jpg;jpeg;jpe;resx;tiff;tif;png;wav;mfcribbon-ms</Extensions>
    </Filter>
    <Filter Include="Source Files\Rendering">
      <UniqueIdentifier>{15ae60d6-9984-434c-b6da-ba0672ef3c80}</UniqueIdentifier>
    </Filter>
    <Filter Include="Source Files\Objects">
      <UniqueIdentifier>{9545be7b-fa09-424f-80eb-9f9450e9d330}</UniqueIdentifier>
    </Filter>
    <Filter Include="Source Files\Data_Structures">
      <UniqueIdentifier>{8fac4a9f-e632-4cfb-b61b-304459020d99}</UniqueIdentifier>
    </Filter>
    <Filter Include="Header Files\Rendering">
      <UniqueIdentifier>{7f1afefd-d22e-47a7-8c38-dce12f7df15d}</UniqueIdentifier>
    </Filter>
    <Filter Include="Header Files\Objects">
      <UniqueIdentifier>{929b09d7-faef-4b5f-929c-2391909e1e3a}</UniqueIdentifier>
    </Filter>
    <Filter Include="Header Files\Data_Structures">
      <UniqueIdentifier>{c2042dfe-6d64-4594-ae45-03a449c9c6eb}</UniqueIdentifier>
    </Filter>
    <Filter Include="Source Files\File_IO">
      <UniqueIdentifier>{89a282a0-bc48-4bd9-89c8-0e58c2a41eb8}</UniqueIdentifier>
    </Filter>
    <Filter Include="Header Files\File_IO">
      <UniqueIdentifier>{942beb39-c54b-4644-bae8-f65262998bdb}</UniqueIdentifier>
    </Filter>
    <Filter Include="Source Files\Win32_Code">
      <UniqueIdentifier>{97dc6a5b-9bae-4a62-964e-0e2ad5767615}</UniqueIdentifier>
    </Filter>
    <Filter Include="Source Files\Cameras">
      <UniqueIdentifier>{db07de51-adf1-4279-b723-5fa3f902034e}</UniqueIdentifier>
    </Filter>
    <Filter Include="Header Files\Cameras">
      <UniqueIdentifier>{9957c5c6-a33e-4f6b-b734-fbd48fc29368}</UniqueIdentifier>
    </Filter>
    <Filter Include="Header Files\Animator">
      <UniqueIdentifier>{b7614344-ffcf-40a1-9070-553ab8e10133}</UniqueIdentifier>
    </Filter>
    <Filter Include="Source Files\Animator">
      <UniqueIdentifier>{e80dc188-3874-4866-804c-5416aec16408}</UniqueIdentifier>
    </Filter>
    <Filter Include="Source Files\HLSL Base">
      <UniqueIdentifier>{67989f1f-e912-4211-a028-57636cea8bbc}</UniqueIdentifier>
    </Filter>
    <Filter Include="Header Files\Physics">
      <UniqueIdentifier>{c2951940-af47-438c-ac19-472558dc0134}</UniqueIdentifier>
    </Filter>
    <Filter Include="Source Files\Physics">
      <UniqueIdentifier>{154593d9-d42e-4dd5-bf97-b977f4fd7579}</UniqueIdentifier>
    </Filter>
  </ItemGroup>
  <ItemGroup>
    <ClCompile Include="WinMain.cpp">
      <Filter>Source Files\Win32_Code</Filter>
    </ClCompile>
    <ClCompile Include="Model.cpp">
      <Filter>Source Files\Objects</Filter>
    </ClCompile>
    <ClCompile Include="Camera.cpp">
      <Filter>Source Files\Cameras</Filter>
    </ClCompile>
    <ClCompile Include="DirectX_Rendering_Base.cpp">
      <Filter>Source Files\Rendering</Filter>
    </ClCompile>
    <ClCompile Include="Timer.cpp">
      <Filter>Source Files\Rendering</Filter>
    </ClCompile>
  </ItemGroup>
  <ItemGroup>
    <ClInclude Include="Model.h">
      <Filter>Header Files\Objects</Filter>
    </ClInclude>
    <ClInclude Include="Camera.h">
      <Filter>Header Files\Cameras</Filter>
    </ClInclude>
    <ClInclude Include="DirectX_Rendering_Base.h">
      <Filter>Header Files\Rendering</Filter>
    </ClInclude>
    <ClInclude Include="Timer.h">
      <Filter>Header Files\Rendering</Filter>
    </ClInclude>
  </ItemGroup>
</Project>