<?xml version="1.0" encoding="utf-8"?>
<Project ToolsVersion="4.0" xmlns="http://schemas.microsoft.com/developer/msbuild/2003">
  <ItemGroup>
    <Filter Include="Source Files">
      <UniqueIdentifier>{4FC737F1-C7A5-4376-A066-2A32D752A2FF}</UniqueIdentifier>
      <Extensions>cpp;c;cc;cxx;def;odl;idl;hpj;bat;asm;asmx</Extensions>
    </Filter>
    <Filter Include="Header Files">
      <UniqueIdentifier>{93995380-89BD-4b04-88EB-625FBE52EBFB}</UniqueIdentifier>
      <Extensions>h;hh;hpp;hxx;hm;inl;inc;xsd</Extensions>
    </Filter>
    <Filter Include="Resource Files">
      <UniqueIdentifier>{67DA6AB6-F800-4c08-8B7A-83BB121AAD01}</UniqueIdentifier>
      <Extensions>rc;ico;cur;bmp;dlg;rc2;rct;bin;rgs;gif;jpg;jpeg;jpe;resx;tiff;tif;png;wav;mfcribbon-ms</Extensions>
    </Filter>
    <Filter Include="Source Files\Data_Structures">
      <UniqueIdentifier>{8fac4a9f-e632-4cfb-b61b-304459020d99}</UniqueIdentifier>
    </Filter>
    <Filter Include="Header Files\Data_Structures">
      <UniqueIdentifier>{c2042dfe-6d64-4594-ae45-03a449c9c6eb}</UniqueIdentifier>
    </Filter>
    <Filter Include="Header Files\Physics">
      <UniqueIdentifier>{c2951940-af47-438c-ac19-472558dc0134}</UniqueIdentifier>
    </Filter>
    <Filter Include="Source Files\Physics">
      <UniqueIdentifier>{154593d9-d42e-4dd5-bf97-b977f4fd7579}</UniqueIdentifier>
    </Filter>
    <Filter Include="Header Files\Renderers">
      <UniqueIdentifier>{7f1afefd-d22e-47a7-8c38-dce12f7df15d}</UniqueIdentifier>
    </Filter>
    <Filter Include="Source Files\Renderer">
      <UniqueIdentifier>{15ae60d6-9984-434c-b6da-ba0672ef3c80}</UniqueIdentifier>
    </Filter>
    <Filter Include="Header Files\Renderers\DirectX">
      <UniqueIdentifier>{40def37c-9aeb-44d7-bed1-b0477b9ce35a}</UniqueIdentifier>
    </Filter>
    <Filter Include="Source Files\Renderer\DirectX">
      <UniqueIdentifier>{13ddc9f5-7075-4f7b-813c-c45732f31739}</UniqueIdentifier>
    </Filter>
    <Filter Include="Source Files\Renderer\DirectX\HLSL">
      <UniqueIdentifier>{67989f1f-e912-4211-a028-57636cea8bbc}</UniqueIdentifier>
    </Filter>
    <Filter Include="Source Files\Renderer\Vulkan">
      <UniqueIdentifier>{0d2bd7a2-e49f-4e1d-899b-0ec3a8e15772}</UniqueIdentifier>
    </Filter>
    <Filter Include="Source Files\Renderer\Vulkan\GLSL">
      <UniqueIdentifier>{92628105-9253-4667-9d64-e71cad2e65c4}</UniqueIdentifier>
    </Filter>
    <Filter Include="Source Files\Renderer\DirectX\Pipeline">
      <UniqueIdentifier>{05034539-9fea-4bf3-a563-26cbdda609b5}</UniqueIdentifier>
    </Filter>
    <Filter Include="Source Files\Renderer\Vulkan\Pipeline">
      <UniqueIdentifier>{b35577ac-94f2-4d68-b91f-72294aa1c144}</UniqueIdentifier>
    </Filter>
    <Filter Include="Source Files\Renderer\DirectX\File_IO">
      <UniqueIdentifier>{47f42c26-cf64-4c89-8b3e-acac3fd4ae22}</UniqueIdentifier>
    </Filter>
    <Filter Include="Header Files\Renderers\DirectX\HLSL">
      <UniqueIdentifier>{db20a59d-7a4b-47e9-91c5-19b4b071167f}</UniqueIdentifier>
    </Filter>
    <Filter Include="Source Files\Renderer\DirectX\Win32_Code">
      <UniqueIdentifier>{97dc6a5b-9bae-4a62-964e-0e2ad5767615}</UniqueIdentifier>
    </Filter>
    <Filter Include="Source Files\Renderer\Timer">
      <UniqueIdentifier>{b42730ec-8651-42b5-bd15-fb99b5b5f425}</UniqueIdentifier>
    </Filter>
    <Filter Include="Source Files\Renderer\DirectX\Cameras">
      <UniqueIdentifier>{912993a0-8f2e-4ead-b40e-b0bdddaf99dc}</UniqueIdentifier>
    </Filter>
    <Filter Include="Source Files\Renderer\DirectX\Animator">
      <UniqueIdentifier>{07e2e806-1f52-4407-bbb4-ba2b2c8cc403}</UniqueIdentifier>
    </Filter>
    <Filter Include="Source Files\Renderer\Vulkan\Linux_Code">
      <UniqueIdentifier>{f8895612-f252-4197-9af2-0c044ead28ae}</UniqueIdentifier>
    </Filter>
    <Filter Include="Source Files\Renderer\DirectX\Objects">
      <UniqueIdentifier>{0177be1d-aed0-4b54-985d-48377f601e99}</UniqueIdentifier>
    </Filter>
    <Filter Include="Source Files\Renderer\Vulkan\File_IO">
      <UniqueIdentifier>{29513f62-85eb-46da-ac72-27ed9b12eea1}</UniqueIdentifier>
    </Filter>
    <Filter Include="Source Files\Renderer\Vulkan\Cameras">
      <UniqueIdentifier>{31b1d13f-4187-4eb4-9e88-2721d18397b3}</UniqueIdentifier>
    </Filter>
    <Filter Include="Source Files\Renderer\Vulkan\Animator">
      <UniqueIdentifier>{2de416ae-3db9-4bce-b461-f0250dbcaf5f}</UniqueIdentifier>
    </Filter>
    <Filter Include="Source Files\Renderer\Vulkan\Objects">
      <UniqueIdentifier>{c463ac8e-f817-4add-9cc6-d64f0aa07b35}</UniqueIdentifier>
    </Filter>
    <Filter Include="Source Files\Algorithms">
      <UniqueIdentifier>{161286e3-e76e-4a39-b0a8-1a95b6a76a96}</UniqueIdentifier>
    </Filter>
    <Filter Include="Header Files\Renderers\DirectX\File_IO">
      <UniqueIdentifier>{bcae92e1-5c27-479a-b415-8423afd15a9c}</UniqueIdentifier>
    </Filter>
    <Filter Include="Header Files\Renderers\DirectX\Cameras">
      <UniqueIdentifier>{facaf574-2f4e-4af8-9edc-74af53b8c3e5}</UniqueIdentifier>
    </Filter>
    <Filter Include="Header Files\Renderers\DirectX\Animator">
      <UniqueIdentifier>{77bfa528-b469-40eb-a39e-cf8b6c577e56}</UniqueIdentifier>
    </Filter>
    <Filter Include="Header Files\Renderers\DirectX\Objects">
      <UniqueIdentifier>{2bf76eb7-c05a-4816-8cd0-0684742831b9}</UniqueIdentifier>
    </Filter>
    <Filter Include="Header Files\Renderers\DirectX\Pipeline">
      <UniqueIdentifier>{7669a7f8-f86b-45f9-b6fa-f1e30c3d6232}</UniqueIdentifier>
    </Filter>
    <Filter Include="Header Files\Renderers\Vulkan">
      <UniqueIdentifier>{52599eba-d40f-4a38-aead-e8710046820d}</UniqueIdentifier>
    </Filter>
    <Filter Include="Header Files\Renderers\Timer">
      <UniqueIdentifier>{f026b238-9fde-4bff-b7de-5788d17cc4e3}</UniqueIdentifier>
    </Filter>
    <Filter Include="Header Files\Renderers\Vulkan\GLSL">
      <UniqueIdentifier>{cc1e398f-9ea8-48e7-983f-2294f3bccbd0}</UniqueIdentifier>
    </Filter>
    <Filter Include="Header Files\Renderers\Vulkan\File_IO">
      <UniqueIdentifier>{522e7456-ee8d-42ac-8333-112509bc3522}</UniqueIdentifier>
    </Filter>
    <Filter Include="Header Files\Renderers\Vulkan\Cameras">
      <UniqueIdentifier>{a5daad15-e3f9-43fc-9b70-0ba90680fa71}</UniqueIdentifier>
    </Filter>
    <Filter Include="Header Files\Renderers\Vulkan\Animator">
      <UniqueIdentifier>{e3ba31e4-83f9-45a3-b96b-79db590c7df6}</UniqueIdentifier>
    </Filter>
    <Filter Include="Header Files\Renderers\Vulkan\Objects">
      <UniqueIdentifier>{fa2a8119-a73d-4fab-a830-6ec04e02ff3a}</UniqueIdentifier>
    </Filter>
    <Filter Include="Header Files\Renderers\Vulkan\Pipeline">
      <UniqueIdentifier>{5d848d02-a4f6-43af-a267-61cdeb966544}</UniqueIdentifier>
    </Filter>
    <Filter Include="Header Files\Renderers\DirectX\Objects\Standard_Assets">
      <UniqueIdentifier>{4e435223-5ad6-4430-a6b2-508ddaef7396}</UniqueIdentifier>
    </Filter>
    <Filter Include="Header Files\Renderers\DirectX\Objects\Primative_Shapes">
      <UniqueIdentifier>{8669a298-8af0-4794-b9eb-e4e3998275fc}</UniqueIdentifier>
    </Filter>
  </ItemGroup>
  <ItemGroup>
    <ClCompile Include="WinMain.cpp">
      <Filter>Source Files\Renderer\DirectX\Win32_Code</Filter>
    </ClCompile>
    <ClCompile Include="DirectX_Rendering_Base.cpp">
      <Filter>Source Files\Renderer\DirectX\Pipeline</Filter>
    </ClCompile>
    <ClCompile Include="Timer.cpp">
      <Filter>Source Files\Renderer\Timer</Filter>
    </ClCompile>
    <ClCompile Include="DirectX_Renderer.cpp">
      <Filter>Source Files\Renderer\DirectX\Pipeline</Filter>
    </ClCompile>
  </ItemGroup>
  <ItemGroup>
    <ClInclude Include="DirectX_Rendering_Base.h">
      <Filter>Header Files\Renderers\DirectX\Pipeline</Filter>
    </ClInclude>
    <ClInclude Include="Timer.h">
      <Filter>Header Files\Renderers\Timer</Filter>
    </ClInclude>
    <ClInclude Include="DirectX_Renderer.h">
      <Filter>Header Files\Renderers\DirectX\Pipeline</Filter>
    </ClInclude>
    <ClInclude Include="Header_File_Linker.h">
      <Filter>Header Files\Renderers\DirectX</Filter>
    </ClInclude>
  </ItemGroup>
</Project>